// !$*UTF8*$!
{
	archiveVersion = 1;
	classes = {
	};
	objectVersion = 46;
	objects = {

/* Begin PBXBuildFile section */
		22120E2C1D4B08C0005B585A /* tea_maker.cpp in Sources */ = {isa = PBXBuildFile; fileRef = 22120E2A1D4B08C0005B585A /* tea_maker.cpp */; };
		22120E2E1D4B0C98005B585A /* tea_maker_test.cpp in Sources */ = {isa = PBXBuildFile; fileRef = 22120E2D1D4B0C98005B585A /* tea_maker_test.cpp */; };
/* End PBXBuildFile section */

/* Begin PBXCopyFilesBuildPhase section */
		22120E1B1D4AFFE3005B585A /* CopyFiles */ = {
			isa = PBXCopyFilesBuildPhase;
			buildActionMask = 2147483647;
			dstPath = /usr/share/man/man1/;
			dstSubfolderSpec = 0;
			files = (
			);
			runOnlyForDeploymentPostprocessing = 1;
		};
/* End PBXCopyFilesBuildPhase section */

/* Begin PBXFileReference section */
		22120E1D1D4AFFE3005B585A /* cpp-posts */ = {isa = PBXFileReference; explicitFileType = "compiled.mach-o.executable"; includeInIndex = 0; path = "cpp-posts"; sourceTree = BUILT_PRODUCTS_DIR; };
		22120E291D4B02D7005B585A /* catch.hpp */ = {isa = PBXFileReference; lastKnownFileType = sourcecode.cpp.h; path = catch.hpp; sourceTree = SOURCE_ROOT; };
		22120E2A1D4B08C0005B585A /* tea_maker.cpp */ = {isa = PBXFileReference; fileEncoding = 4; lastKnownFileType = sourcecode.cpp.cpp; path = tea_maker.cpp; sourceTree = SOURCE_ROOT; };
		22120E2B1D4B08C0005B585A /* tea_maker.h */ = {isa = PBXFileReference; fileEncoding = 4; lastKnownFileType = sourcecode.c.h; path = tea_maker.h; sourceTree = SOURCE_ROOT; };
		22120E2D1D4B0C98005B585A /* tea_maker_test.cpp */ = {isa = PBXFileReference; fileEncoding = 4; lastKnownFileType = sourcecode.cpp.cpp; path = tea_maker_test.cpp; sourceTree = SOURCE_ROOT; };
/* End PBXFileReference section */

/* Begin PBXFrameworksBuildPhase section */
		22120E1A1D4AFFE3005B585A /* Frameworks */ = {
			isa = PBXFrameworksBuildPhase;
			buildActionMask = 2147483647;
			files = (
			);
			runOnlyForDeploymentPostprocessing = 0;
		};
/* End PBXFrameworksBuildPhase section */

/* Begin PBXGroup section */
		22120E0F1D4AFEF8005B585A = {
			isa = PBXGroup;
			children = (
				22120E1F1D4AFFE3005B585A /* cpp-posts */,
				22120E1E1D4AFFE3005B585A /* Products */,
			);
			sourceTree = "<group>";
		};
		22120E1E1D4AFFE3005B585A /* Products */ = {
			isa = PBXGroup;
			children = (
				22120E1D1D4AFFE3005B585A /* cpp-posts */,
			);
			name = Products;
			sourceTree = "<group>";
		};
		22120E1F1D4AFFE3005B585A /* cpp-posts */ = {
			isa = PBXGroup;
			children = (
				22120E2A1D4B08C0005B585A /* tea_maker.cpp */,
				22120E2B1D4B08C0005B585A /* tea_maker.h */,
				22120E291D4B02D7005B585A /* catch.hpp */,
				22120E2D1D4B0C98005B585A /* tea_maker_test.cpp */,
			);
			path = "cpp-posts";
			sourceTree = "<group>";
		};
/* End PBXGroup section */

/* Begin PBXNativeTarget section */
		22120E1C1D4AFFE3005B585A /* cpp-posts */ = {
			isa = PBXNativeTarget;
			buildConfigurationList = 22120E221D4AFFE3005B585A /* Build configuration list for PBXNativeTarget "cpp-posts" */;
			buildPhases = (
				22120E191D4AFFE3005B585A /* Sources */,
				22120E1A1D4AFFE3005B585A /* Frameworks */,
				22120E1B1D4AFFE3005B585A /* CopyFiles */,
			);
			buildRules = (
			);
			dependencies = (
			);
			name = "cpp-posts";
			productName = "cpp-posts";
			productReference = 22120E1D1D4AFFE3005B585A /* cpp-posts */;
			productType = "com.apple.product-type.tool";
		};
/* End PBXNativeTarget section */

/* Begin PBXProject section */
		22120E101D4AFEF8005B585A /* Project object */ = {
			isa = PBXProject;
			attributes = {
				LastUpgradeCheck = 0730;
				TargetAttributes = {
					22120E1C1D4AFFE3005B585A = {
						CreatedOnToolsVersion = 7.3.1;
					};
				};
			};
			buildConfigurationList = 22120E131D4AFEF8005B585A /* Build configuration list for PBXProject "cpp-posts" */;
			compatibilityVersion = "Xcode 3.2";
			developmentRegion = English;
			hasScannedForEncodings = 0;
			knownRegions = (
				en,
			);
			mainGroup = 22120E0F1D4AFEF8005B585A;
			productRefGroup = 22120E1E1D4AFFE3005B585A /* Products */;
			projectDirPath = "";
			projectRoot = "";
			targets = (
				22120E1C1D4AFFE3005B585A /* cpp-posts */,
			);
		};
/* End PBXProject section */

/* Begin PBXSourcesBuildPhase section */
		22120E191D4AFFE3005B585A /* Sources */ = {
			isa = PBXSourcesBuildPhase;
			buildActionMask = 2147483647;
			files = (
				22120E2C1D4B08C0005B585A /* tea_maker.cpp in Sources */,
				22120E2E1D4B0C98005B585A /* tea_maker_test.cpp in Sources */,
			);
			runOnlyForDeploymentPostprocessing = 0;
		};
/* End PBXSourcesBuildPhase section */

/* Begin XCBuildConfiguration section */
		22120E141D4AFEF8005B585A /* Debug */ = {
			isa = XCBuildConfiguration;
			buildSettings = {
				CONFIGURATION_BUILD_DIR = "$(PROJECT_DIR)/build/$(CONFIGURATION)";
			};
			name = Debug;
		};
		22120E151D4AFEF8005B585A /* Release */ = {
			isa = XCBuildConfiguration;
			buildSettings = {
				CONFIGURATION_BUILD_DIR = "$(PROJECT_DIR)/build/$(CONFIGURATION)";
			};
			name = Release;
		};
		22120E231D4AFFE3005B585A /* Debug */ = {
			isa = XCBuildConfiguration;
			buildSettings = {
				ALWAYS_SEARCH_USER_PATHS = NO;
				CLANG_ANALYZER_NONNULL = YES;
				CLANG_CXX_LANGUAGE_STANDARD = "gnu++0x";
				CLANG_CXX_LIBRARY = "libc++";
				CLANG_ENABLE_MODULES = YES;
				CLANG_ENABLE_OBJC_ARC = YES;
				CLANG_WARN_BOOL_CONVERSION = YES;
				CLANG_WARN_CONSTANT_CONVERSION = YES;
				CLANG_WARN_DIRECT_OBJC_ISA_USAGE = YES_ERROR;
				CLANG_WARN_EMPTY_BODY = YES;
				CLANG_WARN_ENUM_CONVERSION = YES;
				CLANG_WARN_INT_CONVERSION = YES;
				CLANG_WARN_OBJC_ROOT_CLASS = YES_ERROR;
				CLANG_WARN_UNREACHABLE_CODE = YES;
				CLANG_WARN__DUPLICATE_METHOD_MATCH = YES;
				CODE_SIGN_IDENTITY = "-";
				COPY_PHASE_STRIP = NO;
				DEBUG_INFORMATION_FORMAT = dwarf;
				ENABLE_STRICT_OBJC_MSGSEND = YES;
				ENABLE_TESTABILITY = YES;
				GCC_C_LANGUAGE_STANDARD = gnu99;
				GCC_DYNAMIC_NO_PIC = NO;
				GCC_NO_COMMON_BLOCKS = YES;
				GCC_OPTIMIZATION_LEVEL = 0;
				GCC_PREPROCESSOR_DEFINITIONS = (
					"DEBUG=1",
					"$(inherited)",
				);
				GCC_WARN_64_TO_32_BIT_CONVERSION = YES;
				GCC_WARN_ABOUT_RETURN_TYPE = YES_ERROR;
				GCC_WARN_UNDECLARED_SELECTOR = YES;
				GCC_WARN_UNINITIALIZED_AUTOS = YES_AGGRESSIVE;
				GCC_WARN_UNUSED_FUNCTION = YES;
				GCC_WARN_UNUSED_VARIABLE = YES;
				MACOSX_DEPLOYMENT_TARGET = 10.11;
				MTL_ENABLE_DEBUG_INFO = YES;
				ONLY_ACTIVE_ARCH = YES;
				PRODUCT_NAME = "$(TARGET_NAME)";
				SDKROOT = macosx;
			};
			name = Debug;
		};
		22120E241D4AFFE3005B585A /* Release */ = {
			isa = XCBuildConfiguration;
			buildSettings = {
				ALWAYS_SEARCH_USER_PATHS = NO;
				CLANG_ANALYZER_NONNULL = YES;
				CLANG_CXX_LANGUAGE_STANDARD = "gnu++0x";
				CLANG_CXX_LIBRARY = "libc++";
				CLANG_ENABLE_MODULES = YES;
				CLANG_ENABLE_OBJC_ARC = YES;
				CLANG_WARN_BOOL_CONVERSION = YES;
				CLANG_WARN_CONSTANT_CONVERSION = YES;
				CLANG_WARN_DIRECT_OBJC_ISA_USAGE = YES_ERROR;
				CLANG_WARN_EMPTY_BODY = YES;
				CLANG_WARN_ENUM_CONVERSION = YES;
				CLANG_WARN_INT_CONVERSION = YES;
				CLANG_WARN_OBJC_ROOT_CLASS = YES_ERROR;
				CLANG_WARN_UNREACHABLE_CODE = YES;
				CLANG_WARN__DUPLICATE_METHOD_MATCH = YES;
				CODE_SIGN_IDENTITY = "-";
				COPY_PHASE_STRIP = NO;
				DEBUG_INFORMATION_FORMAT = "dwarf-with-dsym";
				ENABLE_NS_ASSERTIONS = NO;
				ENABLE_STRICT_OBJC_MSGSEND = YES;
				GCC_C_LANGUAGE_STANDARD = gnu99;
				GCC_NO_COMMON_BLOCKS = YES;
				GCC_WARN_64_TO_32_BIT_CONVERSION = YES;
				GCC_WARN_ABOUT_RETURN_TYPE = YES_ERROR;
				GCC_WARN_UNDECLARED_SELECTOR = YES;
				GCC_WARN_UNINITIALIZED_AUTOS = YES_AGGRESSIVE;
				GCC_WARN_UNUSED_FUNCTION = YES;
				GCC_WARN_UNUSED_VARIABLE = YES;
				MACOSX_DEPLOYMENT_TARGET = 10.11;
				MTL_ENABLE_DEBUG_INFO = NO;
				PRODUCT_NAME = "$(TARGET_NAME)";
				SDKROOT = macosx;
			};
			name = Release;
		};
/* End XCBuildConfiguration section */

/* Begin XCConfigurationList section */
		22120E131D4AFEF8005B585A /* Build configuration list for PBXProject "cpp-posts" */ = {
			isa = XCConfigurationList;
			buildConfigurations = (
				22120E141D4AFEF8005B585A /* Debug */,
				22120E151D4AFEF8005B585A /* Release */,
			);
			defaultConfigurationIsVisible = 0;
			defaultConfigurationName = Debug;
		};
		22120E221D4AFFE3005B585A /* Build configuration list for PBXNativeTarget "cpp-posts" */ = {
			isa = XCConfigurationList;
			buildConfigurations = (
				22120E231D4AFFE3005B585A /* Debug */,
				22120E241D4AFFE3005B585A /* Release */,
			);
			defaultConfigurationIsVisible = 0;
			defaultConfigurationName = Debug;
		};
/* End XCConfigurationList section */
	};
	rootObject = 22120E101D4AFEF8005B585A /* Project object */;
}
